
Microsoft Visual Studio Solution File, Format Version 12.00
# Visual Studio 15
VisualStudioVersion = 15.0.28307.136
MinimumVisualStudioVersion = 10.0.40219.1
Project("{FAE04EC0-301F-11D3-BF4B-00C04F79EFBC}") = "EnumDays-134Drill", "EnumDays-134Drill\EnumDays-134Drill.csproj", "{C034983C-6D27-4C8B-B253-25049902D8C0}"
EndProject
Global
	GlobalSection(SolutionConfigurationPlatforms) = preSolution
		Debug|Any CPU = Debug|Any CPU
		Release|Any CPU = Release|Any CPU
	EndGlobalSection
	GlobalSection(ProjectConfigurationPlatforms) = postSolution
		{C034983C-6D27-4C8B-B253-25049902D8C0}.Debug|Any CPU.ActiveCfg = Debug|Any CPU
		{C034983C-6D27-4C8B-B253-25049902D8C0}.Debug|Any CPU.Build.0 = Debug|Any CPU
		{C034983C-6D27-4C8B-B253-25049902D8C0}.Release|Any CPU.ActiveCfg = Release|Any CPU
		{C034983C-6D27-4C8B-B253-25049902D8C0}.Release|Any CPU.Build.0 = Release|Any CPU
	EndGlobalSection
	GlobalSection(SolutionProperties) = preSolution
		HideSolutionNode = FALSE
	EndGlobalSection
	GlobalSection(ExtensibilityGlobals) = postSolution
		SolutionGuid = {67E46790-1F87-487E-965C-87120A56820B}
	EndGlobalSection
EndGlobal
