
Microsoft Visual Studio Solution File, Format Version 12.00
# Visual Studio 15
VisualStudioVersion = 15.0.28307.136
MinimumVisualStudioVersion = 10.0.40219.1
Project("{FAE04EC0-301F-11D3-BF4B-00C04F79EFBC}") = "MethodCalling-Drill", "MethodCalling-Drill\MethodCalling-Drill.csproj", "{584C26C1-9C1B-44FA-835A-BCA0D92F0B4A}"
EndProject
Global
	GlobalSection(SolutionConfigurationPlatforms) = preSolution
		Debug|Any CPU = Debug|Any CPU
		Release|Any CPU = Release|Any CPU
	EndGlobalSection
	GlobalSection(ProjectConfigurationPlatforms) = postSolution
		{584C26C1-9C1B-44FA-835A-BCA0D92F0B4A}.Debug|Any CPU.ActiveCfg = Debug|Any CPU
		{584C26C1-9C1B-44FA-835A-BCA0D92F0B4A}.Debug|Any CPU.Build.0 = Debug|Any CPU
		{584C26C1-9C1B-44FA-835A-BCA0D92F0B4A}.Release|Any CPU.ActiveCfg = Release|Any CPU
		{584C26C1-9C1B-44FA-835A-BCA0D92F0B4A}.Release|Any CPU.Build.0 = Release|Any CPU
	EndGlobalSection
	GlobalSection(SolutionProperties) = preSolution
		HideSolutionNode = FALSE
	EndGlobalSection
	GlobalSection(ExtensibilityGlobals) = postSolution
		SolutionGuid = {9D4AF0B9-F107-46E1-BCFE-1A44F97AEA54}
	EndGlobalSection
EndGlobal
