
Microsoft Visual Studio Solution File, Format Version 12.00
# Visual Studio 15
VisualStudioVersion = 15.0.28307.136
MinimumVisualStudioVersion = 10.0.40219.1
Project("{FAE04EC0-301F-11D3-BF4B-00C04F79EFBC}") = "TTADailyReport", "TTADailyReport\TTADailyReport.csproj", "{5E5FEEB5-DBC1-4921-A82F-079815F7D3AD}"
EndProject
Global
	GlobalSection(SolutionConfigurationPlatforms) = preSolution
		Debug|Any CPU = Debug|Any CPU
		Release|Any CPU = Release|Any CPU
	EndGlobalSection
	GlobalSection(ProjectConfigurationPlatforms) = postSolution
		{5E5FEEB5-DBC1-4921-A82F-079815F7D3AD}.Debug|Any CPU.ActiveCfg = Debug|Any CPU
		{5E5FEEB5-DBC1-4921-A82F-079815F7D3AD}.Debug|Any CPU.Build.0 = Debug|Any CPU
		{5E5FEEB5-DBC1-4921-A82F-079815F7D3AD}.Release|Any CPU.ActiveCfg = Release|Any CPU
		{5E5FEEB5-DBC1-4921-A82F-079815F7D3AD}.Release|Any CPU.Build.0 = Release|Any CPU
	EndGlobalSection
	GlobalSection(SolutionProperties) = preSolution
		HideSolutionNode = FALSE
	EndGlobalSection
	GlobalSection(ExtensibilityGlobals) = postSolution
		SolutionGuid = {CDFAFD06-FD29-4E29-A880-F18CE2EDBC3C}
	EndGlobalSection
EndGlobal
