
Microsoft Visual Studio Solution File, Format Version 12.00
# Visual Studio 15
VisualStudioVersion = 15.0.28307.136
MinimumVisualStudioVersion = 10.0.40219.1
Project("{FAE04EC0-301F-11D3-BF4B-00C04F79EFBC}") = "FavoiteSeason-BooleanCompare", "FavoiteSeason-BooleanCompare\FavoiteSeason-BooleanCompare.csproj", "{5EB18017-F1EA-4E16-BDCD-074D339C98ED}"
EndProject
Global
	GlobalSection(SolutionConfigurationPlatforms) = preSolution
		Debug|Any CPU = Debug|Any CPU
		Release|Any CPU = Release|Any CPU
	EndGlobalSection
	GlobalSection(ProjectConfigurationPlatforms) = postSolution
		{5EB18017-F1EA-4E16-BDCD-074D339C98ED}.Debug|Any CPU.ActiveCfg = Debug|Any CPU
		{5EB18017-F1EA-4E16-BDCD-074D339C98ED}.Debug|Any CPU.Build.0 = Debug|Any CPU
		{5EB18017-F1EA-4E16-BDCD-074D339C98ED}.Release|Any CPU.ActiveCfg = Release|Any CPU
		{5EB18017-F1EA-4E16-BDCD-074D339C98ED}.Release|Any CPU.Build.0 = Release|Any CPU
	EndGlobalSection
	GlobalSection(SolutionProperties) = preSolution
		HideSolutionNode = FALSE
	EndGlobalSection
	GlobalSection(ExtensibilityGlobals) = postSolution
		SolutionGuid = {AE2C7F33-3ABE-4DE1-9F5A-65AD3042E12A}
	EndGlobalSection
EndGlobal
