
Microsoft Visual Studio Solution File, Format Version 12.00
# Visual Studio 15
VisualStudioVersion = 15.0.28307.136
MinimumVisualStudioVersion = 10.0.40219.1
Project("{FAE04EC0-301F-11D3-BF4B-00C04F79EFBC}") = "Loops", "Loops\Loops.csproj", "{87ECC3FE-6566-431E-B646-EC64E8526E2D}"
EndProject
Global
	GlobalSection(SolutionConfigurationPlatforms) = preSolution
		Debug|Any CPU = Debug|Any CPU
		Release|Any CPU = Release|Any CPU
	EndGlobalSection
	GlobalSection(ProjectConfigurationPlatforms) = postSolution
		{87ECC3FE-6566-431E-B646-EC64E8526E2D}.Debug|Any CPU.ActiveCfg = Debug|Any CPU
		{87ECC3FE-6566-431E-B646-EC64E8526E2D}.Debug|Any CPU.Build.0 = Debug|Any CPU
		{87ECC3FE-6566-431E-B646-EC64E8526E2D}.Release|Any CPU.ActiveCfg = Release|Any CPU
		{87ECC3FE-6566-431E-B646-EC64E8526E2D}.Release|Any CPU.Build.0 = Release|Any CPU
	EndGlobalSection
	GlobalSection(SolutionProperties) = preSolution
		HideSolutionNode = FALSE
	EndGlobalSection
	GlobalSection(ExtensibilityGlobals) = postSolution
		SolutionGuid = {83D054C3-6A34-471D-BDDC-C381BBEED96B}
	EndGlobalSection
EndGlobal
