
Microsoft Visual Studio Solution File, Format Version 12.00
# Visual Studio 15
VisualStudioVersion = 15.0.28307.136
MinimumVisualStudioVersion = 10.0.40219.1
Project("{FAE04EC0-301F-11D3-BF4B-00C04F79EFBC}") = "OverloadOperator-129Drill", "OverloadOperator-129Drill\OverloadOperator-129Drill.csproj", "{3A736E1C-4688-4947-A29D-E7087A5D029F}"
EndProject
Global
	GlobalSection(SolutionConfigurationPlatforms) = preSolution
		Debug|Any CPU = Debug|Any CPU
		Release|Any CPU = Release|Any CPU
	EndGlobalSection
	GlobalSection(ProjectConfigurationPlatforms) = postSolution
		{3A736E1C-4688-4947-A29D-E7087A5D029F}.Debug|Any CPU.ActiveCfg = Debug|Any CPU
		{3A736E1C-4688-4947-A29D-E7087A5D029F}.Debug|Any CPU.Build.0 = Debug|Any CPU
		{3A736E1C-4688-4947-A29D-E7087A5D029F}.Release|Any CPU.ActiveCfg = Release|Any CPU
		{3A736E1C-4688-4947-A29D-E7087A5D029F}.Release|Any CPU.Build.0 = Release|Any CPU
	EndGlobalSection
	GlobalSection(SolutionProperties) = preSolution
		HideSolutionNode = FALSE
	EndGlobalSection
	GlobalSection(ExtensibilityGlobals) = postSolution
		SolutionGuid = {47E50722-B5D5-414C-A10D-927FF29BA89F}
	EndGlobalSection
EndGlobal
